
Microsoft Visual Studio Solution File, Format Version 12.00
# Visual Studio Version 17
VisualStudioVersion = 17.8.34322.80
MinimumVisualStudioVersion = 10.0.40219.1
Project("{FAE04EC0-301F-11D3-BF4B-00C04F79EFBC}") = "CoffeeShopApp", "CoffeeShopApp\CoffeeShopApp.csproj", "{F554821D-D2E5-4EC3-83D2-0247864598EE}"
EndProject
Global
	GlobalSection(SolutionConfigurationPlatforms) = preSolution
		Debug|Any CPU = Debug|Any CPU
		Release|Any CPU = Release|Any CPU
	EndGlobalSection
	GlobalSection(ProjectConfigurationPlatforms) = postSolution
		{F554821D-D2E5-4EC3-83D2-0247864598EE}.Debug|Any CPU.ActiveCfg = Debug|Any CPU
		{F554821D-D2E5-4EC3-83D2-0247864598EE}.Debug|Any CPU.Build.0 = Debug|Any CPU
		{F554821D-D2E5-4EC3-83D2-0247864598EE}.Release|Any CPU.ActiveCfg = Release|Any CPU
		{F554821D-D2E5-4EC3-83D2-0247864598EE}.Release|Any CPU.Build.0 = Release|Any CPU
	EndGlobalSection
	GlobalSection(SolutionProperties) = preSolution
		HideSolutionNode = FALSE
	EndGlobalSection
	GlobalSection(ExtensibilityGlobals) = postSolution
		SolutionGuid = {A5E6BD3A-5B58-40FF-81C9-8E7A947E4D0A}
	EndGlobalSection
EndGlobal
